
Microsoft Visual Studio Solution File, Format Version 12.00
# Visual Studio Version 17
VisualStudioVersion = 17.3.32811.315
MinimumVisualStudioVersion = 10.0.40219.1
Project("{2150E333-8FDC-42A3-9474-1A3956D46DE8}") = "Services", "Services", "{E87CCF3C-CC6D-4278-A5E3-6755F5CCD5F9}"
EndProject
Project("{2150E333-8FDC-42A3-9474-1A3956D46DE8}") = "Shared", "Shared", "{C6C765D1-93B3-4918-8B7A-DC0BA707088A}"
EndProject
Project("{9A19103F-16F7-4668-BE54-9A1E7A4F7556}") = "Shared", "Shared\Shared\Shared.csproj", "{3F5E1748-C3FB-469D-921F-C3A8BCD19AF3}"
EndProject
Project("{2150E333-8FDC-42A3-9474-1A3956D46DE8}") = "Product", "Product", "{EF4C72F7-FA13-4619-9D1A-B43D8D8753B1}"
EndProject
Project("{2150E333-8FDC-42A3-9474-1A3956D46DE8}") = "Central", "Central", "{341D9F91-655B-4E88-A548-2755BB415D6A}"
EndProject
Project("{2150E333-8FDC-42A3-9474-1A3956D46DE8}") = "Location", "Location", "{6302F466-E52B-4140-8C28-D4FFBED1DB09}"
EndProject
Project("{2150E333-8FDC-42A3-9474-1A3956D46DE8}") = "Vehicle", "Vehicle", "{DA831AF6-D707-4327-9314-044D483D28B6}"
EndProject
Project("{2150E333-8FDC-42A3-9474-1A3956D46DE8}") = "Tenant", "Tenant", "{C87559E5-89BB-4546-947A-427AA41CDDE3}"
EndProject
Project("{FAE04EC0-301F-11D3-BF4B-00C04F79EFBC}") = "Tenant.API", "Services\Tenant\Tenant.API\Tenant.API.csproj", "{FDCC2124-9EA3-4BE0-B57A-95E34172336F}"
EndProject
Project("{FAE04EC0-301F-11D3-BF4B-00C04F79EFBC}") = "Tenant.Application", "Services\Tenant\Tenant.Application\Tenant.Application.csproj", "{029F13A9-6EE0-4188-AC40-686622A7743F}"
EndProject
Project("{FAE04EC0-301F-11D3-BF4B-00C04F79EFBC}") = "Tenant.Domain", "Services\Tenant\Tenant.Domain\Tenant.Domain.csproj", "{B095B8C8-9788-47AE-993F-6254D7E21330}"
EndProject
Project("{FAE04EC0-301F-11D3-BF4B-00C04F79EFBC}") = "Tenant.Infrastructure", "Services\Tenant\Tenant.Infrastructure\Tenant.Infrastructure.csproj", "{29D00AC7-9296-497C-A1EE-AFF1C11A7804}"
EndProject
Global
	GlobalSection(SolutionConfigurationPlatforms) = preSolution
		Debug|Any CPU = Debug|Any CPU
		Release|Any CPU = Release|Any CPU
	EndGlobalSection
	GlobalSection(ProjectConfigurationPlatforms) = postSolution
		{3F5E1748-C3FB-469D-921F-C3A8BCD19AF3}.Debug|Any CPU.ActiveCfg = Debug|Any CPU
		{3F5E1748-C3FB-469D-921F-C3A8BCD19AF3}.Debug|Any CPU.Build.0 = Debug|Any CPU
		{3F5E1748-C3FB-469D-921F-C3A8BCD19AF3}.Release|Any CPU.ActiveCfg = Release|Any CPU
		{3F5E1748-C3FB-469D-921F-C3A8BCD19AF3}.Release|Any CPU.Build.0 = Release|Any CPU
		{FDCC2124-9EA3-4BE0-B57A-95E34172336F}.Debug|Any CPU.ActiveCfg = Debug|Any CPU
		{FDCC2124-9EA3-4BE0-B57A-95E34172336F}.Debug|Any CPU.Build.0 = Debug|Any CPU
		{FDCC2124-9EA3-4BE0-B57A-95E34172336F}.Release|Any CPU.ActiveCfg = Release|Any CPU
		{FDCC2124-9EA3-4BE0-B57A-95E34172336F}.Release|Any CPU.Build.0 = Release|Any CPU
		{029F13A9-6EE0-4188-AC40-686622A7743F}.Debug|Any CPU.ActiveCfg = Debug|Any CPU
		{029F13A9-6EE0-4188-AC40-686622A7743F}.Debug|Any CPU.Build.0 = Debug|Any CPU
		{029F13A9-6EE0-4188-AC40-686622A7743F}.Release|Any CPU.ActiveCfg = Release|Any CPU
		{029F13A9-6EE0-4188-AC40-686622A7743F}.Release|Any CPU.Build.0 = Release|Any CPU
		{B095B8C8-9788-47AE-993F-6254D7E21330}.Debug|Any CPU.ActiveCfg = Debug|Any CPU
		{B095B8C8-9788-47AE-993F-6254D7E21330}.Debug|Any CPU.Build.0 = Debug|Any CPU
		{B095B8C8-9788-47AE-993F-6254D7E21330}.Release|Any CPU.ActiveCfg = Release|Any CPU
		{B095B8C8-9788-47AE-993F-6254D7E21330}.Release|Any CPU.Build.0 = Release|Any CPU
		{29D00AC7-9296-497C-A1EE-AFF1C11A7804}.Debug|Any CPU.ActiveCfg = Debug|Any CPU
		{29D00AC7-9296-497C-A1EE-AFF1C11A7804}.Debug|Any CPU.Build.0 = Debug|Any CPU
		{29D00AC7-9296-497C-A1EE-AFF1C11A7804}.Release|Any CPU.ActiveCfg = Release|Any CPU
		{29D00AC7-9296-497C-A1EE-AFF1C11A7804}.Release|Any CPU.Build.0 = Release|Any CPU
	EndGlobalSection
	GlobalSection(SolutionProperties) = preSolution
		HideSolutionNode = FALSE
	EndGlobalSection
	GlobalSection(NestedProjects) = preSolution
		{3F5E1748-C3FB-469D-921F-C3A8BCD19AF3} = {C6C765D1-93B3-4918-8B7A-DC0BA707088A}
		{EF4C72F7-FA13-4619-9D1A-B43D8D8753B1} = {E87CCF3C-CC6D-4278-A5E3-6755F5CCD5F9}
		{341D9F91-655B-4E88-A548-2755BB415D6A} = {E87CCF3C-CC6D-4278-A5E3-6755F5CCD5F9}
		{6302F466-E52B-4140-8C28-D4FFBED1DB09} = {E87CCF3C-CC6D-4278-A5E3-6755F5CCD5F9}
		{DA831AF6-D707-4327-9314-044D483D28B6} = {E87CCF3C-CC6D-4278-A5E3-6755F5CCD5F9}
		{C87559E5-89BB-4546-947A-427AA41CDDE3} = {E87CCF3C-CC6D-4278-A5E3-6755F5CCD5F9}
		{FDCC2124-9EA3-4BE0-B57A-95E34172336F} = {C87559E5-89BB-4546-947A-427AA41CDDE3}
		{029F13A9-6EE0-4188-AC40-686622A7743F} = {C87559E5-89BB-4546-947A-427AA41CDDE3}
		{B095B8C8-9788-47AE-993F-6254D7E21330} = {C87559E5-89BB-4546-947A-427AA41CDDE3}
		{29D00AC7-9296-497C-A1EE-AFF1C11A7804} = {C87559E5-89BB-4546-947A-427AA41CDDE3}
	EndGlobalSection
	GlobalSection(ExtensibilityGlobals) = postSolution
		SolutionGuid = {588FCB4F-E0EE-4CDF-8944-1BB83355F455}
	EndGlobalSection
EndGlobal
